
Microsoft Visual Studio Solution File, Format Version 12.00
# Visual Studio Version 17
VisualStudioVersion = 17.11.35222.181
MinimumVisualStudioVersion = 10.0.40219.1
Project("{FAE04EC0-301F-11D3-BF4B-00C04F79EFBC}") = "ToDo.Core", "ToDo.Core\ToDo.Core.csproj", "{AD20E400-3EBF-4B35-8FDD-039C85B72D58}"
EndProject
Project("{FAE04EC0-301F-11D3-BF4B-00C04F79EFBC}") = "ToDo.Core.Tests", "ToDo.Core.Tests\ToDo.Core.Tests.csproj", "{8BC3E0AD-CAE0-402B-86F2-674AC27FB229}"
EndProject
Global
	GlobalSection(SolutionConfigurationPlatforms) = preSolution
		Debug|Any CPU = Debug|Any CPU
		Release|Any CPU = Release|Any CPU
	EndGlobalSection
	GlobalSection(ProjectConfigurationPlatforms) = postSolution
		{AD20E400-3EBF-4B35-8FDD-039C85B72D58}.Debug|Any CPU.ActiveCfg = Debug|Any CPU
		{AD20E400-3EBF-4B35-8FDD-039C85B72D58}.Debug|Any CPU.Build.0 = Debug|Any CPU
		{AD20E400-3EBF-4B35-8FDD-039C85B72D58}.Release|Any CPU.ActiveCfg = Release|Any CPU
		{AD20E400-3EBF-4B35-8FDD-039C85B72D58}.Release|Any CPU.Build.0 = Release|Any CPU
		{8BC3E0AD-CAE0-402B-86F2-674AC27FB229}.Debug|Any CPU.ActiveCfg = Debug|Any CPU
		{8BC3E0AD-CAE0-402B-86F2-674AC27FB229}.Debug|Any CPU.Build.0 = Debug|Any CPU
		{8BC3E0AD-CAE0-402B-86F2-674AC27FB229}.Release|Any CPU.ActiveCfg = Release|Any CPU
		{8BC3E0AD-CAE0-402B-86F2-674AC27FB229}.Release|Any CPU.Build.0 = Release|Any CPU
	EndGlobalSection
	GlobalSection(SolutionProperties) = preSolution
		HideSolutionNode = FALSE
	EndGlobalSection
	GlobalSection(ExtensibilityGlobals) = postSolution
		SolutionGuid = {AD16D31D-4978-4F5A-AD6D-62CA8F31AADA}
	EndGlobalSection
EndGlobal
